// !$*UTF8*$!
{
	archiveVersion = 1;
	classes = {
	};
	objectVersion = 55;
	objects = {

/* Begin PBXBuildFile section */
		2C06622C27237A2800FFA316 /* Home.swift in Sources */ = {isa = PBXBuildFile; fileRef = 2C06622B27237A2800FFA316 /* Home.swift */; };
		2C2822EE274533BB00A19514 /* SaveData.swift in Sources */ = {isa = PBXBuildFile; fileRef = 2C2822ED274533BB00A19514 /* SaveData.swift */; };
		2C2822F02745482300A19514 /* SUImagePickerView.swift in Sources */ = {isa = PBXBuildFile; fileRef = 2C2822EF2745482300A19514 /* SUImagePickerView.swift */; };
		2C672CDD2746C2E4007859E1 /* SistemaPuntos.swift in Sources */ = {isa = PBXBuildFile; fileRef = 2C672CDC2746C2E4007859E1 /* SistemaPuntos.swift */; };
		2C672CDF2746CCFB007859E1 /* Assets2x3x.swift in Sources */ = {isa = PBXBuildFile; fileRef = 2C672CDE2746CCFB007859E1 /* Assets2x3x.swift */; };
		2C672CE12746D229007859E1 /* OffsetPosition.swift in Sources */ = {isa = PBXBuildFile; fileRef = 2C672CE02746D229007859E1 /* OffsetPosition.swift */; };
		2C9119E927208280000E10AE /* GameStreamApp.swift in Sources */ = {isa = PBXBuildFile; fileRef = 2C9119E827208280000E10AE /* GameStreamApp.swift */; };
		2C9119EB27208280000E10AE /* ContentView.swift in Sources */ = {isa = PBXBuildFile; fileRef = 2C9119EA27208280000E10AE /* ContentView.swift */; };
		2C9119ED27208285000E10AE /* Assets.xcassets in Resources */ = {isa = PBXBuildFile; fileRef = 2C9119EC27208285000E10AE /* Assets.xcassets */; };
		2C9119F027208285000E10AE /* Preview Assets.xcassets in Resources */ = {isa = PBXBuildFile; fileRef = 2C9119EF27208285000E10AE /* Preview Assets.xcassets */; };
		2C9D527427396C3A00C9C087 /* Kingfisher in Frameworks */ = {isa = PBXBuildFile; productRef = 2C9D527327396C3A00C9C087 /* Kingfisher */; };
		2C9D52762739A3BA00C9C087 /* GameView.swift in Sources */ = {isa = PBXBuildFile; fileRef = 2C9D52752739A3BA00C9C087 /* GameView.swift */; };
		2CCAFFF2273C9DD60029A680 /* SearchGame.swift in Sources */ = {isa = PBXBuildFile; fileRef = 2CCAFFF1273C9DD60029A680 /* SearchGame.swift */; };
		2CCAFFF4273EFDE60029A680 /* FavouritesView.swift in Sources */ = {isa = PBXBuildFile; fileRef = 2CCAFFF3273EFDE60029A680 /* FavouritesView.swift */; };
		2CD0EBC7273F11E100054DDE /* ProfileView.swift in Sources */ = {isa = PBXBuildFile; fileRef = 2CD0EBC6273F11E000054DDE /* ProfileView.swift */; };
		2CD0EBC9273F2E9200054DDE /* EditProfileView.swift in Sources */ = {isa = PBXBuildFile; fileRef = 2CD0EBC8273F2E9200054DDE /* EditProfileView.swift */; };
		2CF8D2DE272B96CF005FD057 /* GamesView.swift in Sources */ = {isa = PBXBuildFile; fileRef = 2CF8D2DD272B96CF005FD057 /* GamesView.swift */; };
		2CF8D2E3272B9A1C005FD057 /* Model.swift in Sources */ = {isa = PBXBuildFile; fileRef = 2CF8D2E2272B9A1C005FD057 /* Model.swift */; };
		2CF8D2E5272B9A2B005FD057 /* ViewModel.swift in Sources */ = {isa = PBXBuildFile; fileRef = 2CF8D2E4272B9A2B005FD057 /* ViewModel.swift */; };
/* End PBXBuildFile section */

/* Begin PBXFileReference section */
		2C06622B27237A2800FFA316 /* Home.swift */ = {isa = PBXFileReference; lastKnownFileType = sourcecode.swift; path = Home.swift; sourceTree = "<group>"; };
		2C2822ED274533BB00A19514 /* SaveData.swift */ = {isa = PBXFileReference; lastKnownFileType = sourcecode.swift; path = SaveData.swift; sourceTree = "<group>"; };
		2C2822EF2745482300A19514 /* SUImagePickerView.swift */ = {isa = PBXFileReference; fileEncoding = 4; lastKnownFileType = sourcecode.swift; path = SUImagePickerView.swift; sourceTree = "<group>"; };
		2C672CDC2746C2E4007859E1 /* SistemaPuntos.swift */ = {isa = PBXFileReference; lastKnownFileType = sourcecode.swift; path = SistemaPuntos.swift; sourceTree = "<group>"; };
		2C672CDE2746CCFB007859E1 /* Assets2x3x.swift */ = {isa = PBXFileReference; lastKnownFileType = sourcecode.swift; path = Assets2x3x.swift; sourceTree = "<group>"; };
		2C672CE02746D229007859E1 /* OffsetPosition.swift */ = {isa = PBXFileReference; lastKnownFileType = sourcecode.swift; path = OffsetPosition.swift; sourceTree = "<group>"; };
		2C9119E527208280000E10AE /* GameStream.app */ = {isa = PBXFileReference; explicitFileType = wrapper.application; includeInIndex = 0; path = GameStream.app; sourceTree = BUILT_PRODUCTS_DIR; };
		2C9119E827208280000E10AE /* GameStreamApp.swift */ = {isa = PBXFileReference; lastKnownFileType = sourcecode.swift; path = GameStreamApp.swift; sourceTree = "<group>"; };
		2C9119EA27208280000E10AE /* ContentView.swift */ = {isa = PBXFileReference; lastKnownFileType = sourcecode.swift; path = ContentView.swift; sourceTree = "<group>"; };
		2C9119EC27208285000E10AE /* Assets.xcassets */ = {isa = PBXFileReference; lastKnownFileType = folder.assetcatalog; path = Assets.xcassets; sourceTree = "<group>"; };
		2C9119EF27208285000E10AE /* Preview Assets.xcassets */ = {isa = PBXFileReference; lastKnownFileType = folder.assetcatalog; path = "Preview Assets.xcassets"; sourceTree = "<group>"; };
		2C9D52752739A3BA00C9C087 /* GameView.swift */ = {isa = PBXFileReference; lastKnownFileType = sourcecode.swift; path = GameView.swift; sourceTree = "<group>"; };
		2CCAFFF1273C9DD60029A680 /* SearchGame.swift */ = {isa = PBXFileReference; lastKnownFileType = sourcecode.swift; path = SearchGame.swift; sourceTree = "<group>"; };
		2CCAFFF3273EFDE60029A680 /* FavouritesView.swift */ = {isa = PBXFileReference; lastKnownFileType = sourcecode.swift; path = FavouritesView.swift; sourceTree = "<group>"; };
		2CD0EBC6273F11E000054DDE /* ProfileView.swift */ = {isa = PBXFileReference; lastKnownFileType = sourcecode.swift; path = ProfileView.swift; sourceTree = "<group>"; };
		2CD0EBC8273F2E9200054DDE /* EditProfileView.swift */ = {isa = PBXFileReference; lastKnownFileType = sourcecode.swift; path = EditProfileView.swift; sourceTree = "<group>"; };
		2CF8D2DD272B96CF005FD057 /* GamesView.swift */ = {isa = PBXFileReference; lastKnownFileType = sourcecode.swift; path = GamesView.swift; sourceTree = "<group>"; };
		2CF8D2E2272B9A1C005FD057 /* Model.swift */ = {isa = PBXFileReference; lastKnownFileType = sourcecode.swift; path = Model.swift; sourceTree = "<group>"; };
		2CF8D2E4272B9A2B005FD057 /* ViewModel.swift */ = {isa = PBXFileReference; lastKnownFileType = sourcecode.swift; path = ViewModel.swift; sourceTree = "<group>"; };
/* End PBXFileReference section */

/* Begin PBXFrameworksBuildPhase section */
		2C9119E227208280000E10AE /* Frameworks */ = {
			isa = PBXFrameworksBuildPhase;
			buildActionMask = 2147483647;
			files = (
				2C9D527427396C3A00C9C087 /* Kingfisher in Frameworks */,
			);
			runOnlyForDeploymentPostprocessing = 0;
		};
/* End PBXFrameworksBuildPhase section */

/* Begin PBXGroup section */
		2C9119DC27208280000E10AE = {
			isa = PBXGroup;
			children = (
				2C9119E727208280000E10AE /* GameStream */,
				2C9119E627208280000E10AE /* Products */,
			);
			sourceTree = "<group>";
		};
		2C9119E627208280000E10AE /* Products */ = {
			isa = PBXGroup;
			children = (
				2C9119E527208280000E10AE /* GameStream.app */,
			);
			name = Products;
			sourceTree = "<group>";
		};
		2C9119E727208280000E10AE /* GameStream */ = {
			isa = PBXGroup;
			children = (
				2CF8D2E1272B99EB005FD057 /* ViewModel */,
				2CF8D2E0272B99C6005FD057 /* Model */,
				2CF8D2DF272B9984005FD057 /* View */,
				2C9119E827208280000E10AE /* GameStreamApp.swift */,
				2C9119EC27208285000E10AE /* Assets.xcassets */,
				2C9119EE27208285000E10AE /* Preview Content */,
			);
			path = GameStream;
			sourceTree = "<group>";
		};
		2C9119EE27208285000E10AE /* Preview Content */ = {
			isa = PBXGroup;
			children = (
				2C9119EF27208285000E10AE /* Preview Assets.xcassets */,
			);
			path = "Preview Content";
			sourceTree = "<group>";
		};
		2CF8D2DF272B9984005FD057 /* View */ = {
			isa = PBXGroup;
			children = (
				2C9119EA27208280000E10AE /* ContentView.swift */,
				2C06622B27237A2800FFA316 /* Home.swift */,
				2CF8D2DD272B96CF005FD057 /* GamesView.swift */,
				2C9D52752739A3BA00C9C087 /* GameView.swift */,
				2CCAFFF3273EFDE60029A680 /* FavouritesView.swift */,
				2CD0EBC6273F11E000054DDE /* ProfileView.swift */,
				2CD0EBC8273F2E9200054DDE /* EditProfileView.swift */,
				2C672CDC2746C2E4007859E1 /* SistemaPuntos.swift */,
				2C672CDE2746CCFB007859E1 /* Assets2x3x.swift */,
				2C672CE02746D229007859E1 /* OffsetPosition.swift */,
			);
			path = View;
			sourceTree = "<group>";
		};
		2CF8D2E0272B99C6005FD057 /* Model */ = {
			isa = PBXGroup;
			children = (
				2CF8D2E2272B9A1C005FD057 /* Model.swift */,
			);
			path = Model;
			sourceTree = "<group>";
		};
		2CF8D2E1272B99EB005FD057 /* ViewModel */ = {
			isa = PBXGroup;
			children = (
				2C2822EF2745482300A19514 /* SUImagePickerView.swift */,
				2CF8D2E4272B9A2B005FD057 /* ViewModel.swift */,
				2CCAFFF1273C9DD60029A680 /* SearchGame.swift */,
				2C2822ED274533BB00A19514 /* SaveData.swift */,
			);
			path = ViewModel;
			sourceTree = "<group>";
		};
/* End PBXGroup section */

/* Begin PBXNativeTarget section */
		2C9119E427208280000E10AE /* GameStream */ = {
			isa = PBXNativeTarget;
			buildConfigurationList = 2C9119F327208285000E10AE /* Build configuration list for PBXNativeTarget "GameStream" */;
			buildPhases = (
				2C9119E127208280000E10AE /* Sources */,
				2C9119E227208280000E10AE /* Frameworks */,
				2C9119E327208280000E10AE /* Resources */,
			);
			buildRules = (
			);
			dependencies = (
			);
			name = GameStream;
			packageProductDependencies = (
				2C9D527327396C3A00C9C087 /* Kingfisher */,
			);
			productName = GameStream;
			productReference = 2C9119E527208280000E10AE /* GameStream.app */;
			productType = "com.apple.product-type.application";
		};
/* End PBXNativeTarget section */

/* Begin PBXProject section */
		2C9119DD27208280000E10AE /* Project object */ = {
			isa = PBXProject;
			attributes = {
				BuildIndependentTargetsInParallel = 1;
				LastSwiftUpdateCheck = 1300;
				LastUpgradeCheck = 1300;
				TargetAttributes = {
					2C9119E427208280000E10AE = {
						CreatedOnToolsVersion = 13.0;
					};
				};
			};
			buildConfigurationList = 2C9119E027208280000E10AE /* Build configuration list for PBXProject "GameStream" */;
			compatibilityVersion = "Xcode 13.0";
			developmentRegion = en;
			hasScannedForEncodings = 0;
			knownRegions = (
				en,
				Base,
			);
			mainGroup = 2C9119DC27208280000E10AE;
			packageReferences = (
				2C9D527227396C3900C9C087 /* XCRemoteSwiftPackageReference "Kingfisher" */,
			);
			productRefGroup = 2C9119E627208280000E10AE /* Products */;
			projectDirPath = "";
			projectRoot = "";
			targets = (
				2C9119E427208280000E10AE /* GameStream */,
			);
		};
/* End PBXProject section */

/* Begin PBXResourcesBuildPhase section */
		2C9119E327208280000E10AE /* Resources */ = {
			isa = PBXResourcesBuildPhase;
			buildActionMask = 2147483647;
			files = (
				2C9119F027208285000E10AE /* Preview Assets.xcassets in Resources */,
				2C9119ED27208285000E10AE /* Assets.xcassets in Resources */,
			);
			runOnlyForDeploymentPostprocessing = 0;
		};
/* End PBXResourcesBuildPhase section */

/* Begin PBXSourcesBuildPhase section */
		2C9119E127208280000E10AE /* Sources */ = {
			isa = PBXSourcesBuildPhase;
			buildActionMask = 2147483647;
			files = (
				2CF8D2E3272B9A1C005FD057 /* Model.swift in Sources */,
				2CCAFFF4273EFDE60029A680 /* FavouritesView.swift in Sources */,
				2C2822EE274533BB00A19514 /* SaveData.swift in Sources */,
				2CD0EBC7273F11E100054DDE /* ProfileView.swift in Sources */,
				2CD0EBC9273F2E9200054DDE /* EditProfileView.swift in Sources */,
				2C672CDF2746CCFB007859E1 /* Assets2x3x.swift in Sources */,
				2C2822F02745482300A19514 /* SUImagePickerView.swift in Sources */,
				2C9119EB27208280000E10AE /* ContentView.swift in Sources */,
				2C06622C27237A2800FFA316 /* Home.swift in Sources */,
				2CCAFFF2273C9DD60029A680 /* SearchGame.swift in Sources */,
				2CF8D2DE272B96CF005FD057 /* GamesView.swift in Sources */,
				2C672CE12746D229007859E1 /* OffsetPosition.swift in Sources */,
				2CF8D2E5272B9A2B005FD057 /* ViewModel.swift in Sources */,
				2C672CDD2746C2E4007859E1 /* SistemaPuntos.swift in Sources */,
				2C9119E927208280000E10AE /* GameStreamApp.swift in Sources */,
				2C9D52762739A3BA00C9C087 /* GameView.swift in Sources */,
			);
			runOnlyForDeploymentPostprocessing = 0;
		};
/* End PBXSourcesBuildPhase section */

/* Begin XCBuildConfiguration section */
		2C9119F127208285000E10AE /* Debug */ = {
			isa = XCBuildConfiguration;
			buildSettings = {
				ALWAYS_SEARCH_USER_PATHS = NO;
				CLANG_ANALYZER_NONNULL = YES;
				CLANG_ANALYZER_NUMBER_OBJECT_CONVERSION = YES_AGGRESSIVE;
				CLANG_CXX_LANGUAGE_STANDARD = "gnu++17";
				CLANG_CXX_LIBRARY = "libc++";
				CLANG_ENABLE_MODULES = YES;
				CLANG_ENABLE_OBJC_ARC = YES;
				CLANG_ENABLE_OBJC_WEAK = YES;
				CLANG_WARN_BLOCK_CAPTURE_AUTORELEASING = YES;
				CLANG_WARN_BOOL_CONVERSION = YES;
				CLANG_WARN_COMMA = YES;
				CLANG_WARN_CONSTANT_CONVERSION = YES;
				CLANG_WARN_DEPRECATED_OBJC_IMPLEMENTATIONS = YES;
				CLANG_WARN_DIRECT_OBJC_ISA_USAGE = YES_ERROR;
				CLANG_WARN_DOCUMENTATION_COMMENTS = YES;
				CLANG_WARN_EMPTY_BODY = YES;
				CLANG_WARN_ENUM_CONVERSION = YES;
				CLANG_WARN_INFINITE_RECURSION = YES;
				CLANG_WARN_INT_CONVERSION = YES;
				CLANG_WARN_NON_LITERAL_NULL_CONVERSION = YES;
				CLANG_WARN_OBJC_IMPLICIT_RETAIN_SELF = YES;
				CLANG_WARN_OBJC_LITERAL_CONVERSION = YES;
				CLANG_WARN_OBJC_ROOT_CLASS = YES_ERROR;
				CLANG_WARN_QUOTED_INCLUDE_IN_FRAMEWORK_HEADER = YES;
				CLANG_WARN_RANGE_LOOP_ANALYSIS = YES;
				CLANG_WARN_STRICT_PROTOTYPES = YES;
				CLANG_WARN_SUSPICIOUS_MOVE = YES;
				CLANG_WARN_UNGUARDED_AVAILABILITY = YES_AGGRESSIVE;
				CLANG_WARN_UNREACHABLE_CODE = YES;
				CLANG_WARN__DUPLICATE_METHOD_MATCH = YES;
				COPY_PHASE_STRIP = NO;
				DEBUG_INFORMATION_FORMAT = dwarf;
				ENABLE_STRICT_OBJC_MSGSEND = YES;
				ENABLE_TESTABILITY = YES;
				GCC_C_LANGUAGE_STANDARD = gnu11;
				GCC_DYNAMIC_NO_PIC = NO;
				GCC_NO_COMMON_BLOCKS = YES;
				GCC_OPTIMIZATION_LEVEL = 0;
				GCC_PREPROCESSOR_DEFINITIONS = (
					"DEBUG=1",
					"$(inherited)",
				);
				GCC_WARN_64_TO_32_BIT_CONVERSION = YES;
				GCC_WARN_ABOUT_RETURN_TYPE = YES_ERROR;
				GCC_WARN_UNDECLARED_SELECTOR = YES;
				GCC_WARN_UNINITIALIZED_AUTOS = YES_AGGRESSIVE;
				GCC_WARN_UNUSED_FUNCTION = YES;
				GCC_WARN_UNUSED_VARIABLE = YES;
				IPHONEOS_DEPLOYMENT_TARGET = 15.0;
				MTL_ENABLE_DEBUG_INFO = INCLUDE_SOURCE;
				MTL_FAST_MATH = YES;
				ONLY_ACTIVE_ARCH = YES;
				SDKROOT = iphoneos;
				SWIFT_ACTIVE_COMPILATION_CONDITIONS = DEBUG;
				SWIFT_OPTIMIZATION_LEVEL = "-Onone";
			};
			name = Debug;
		};
		2C9119F227208285000E10AE /* Release */ = {
			isa = XCBuildConfiguration;
			buildSettings = {
				ALWAYS_SEARCH_USER_PATHS = NO;
				CLANG_ANALYZER_NONNULL = YES;
				CLANG_ANALYZER_NUMBER_OBJECT_CONVERSION = YES_AGGRESSIVE;
				CLANG_CXX_LANGUAGE_STANDARD = "gnu++17";
				CLANG_CXX_LIBRARY = "libc++";
				CLANG_ENABLE_MODULES = YES;
				CLANG_ENABLE_OBJC_ARC = YES;
				CLANG_ENABLE_OBJC_WEAK = YES;
				CLANG_WARN_BLOCK_CAPTURE_AUTORELEASING = YES;
				CLANG_WARN_BOOL_CONVERSION = YES;
				CLANG_WARN_COMMA = YES;
				CLANG_WARN_CONSTANT_CONVERSION = YES;
				CLANG_WARN_DEPRECATED_OBJC_IMPLEMENTATIONS = YES;
				CLANG_WARN_DIRECT_OBJC_ISA_USAGE = YES_ERROR;
				CLANG_WARN_DOCUMENTATION_COMMENTS = YES;
				CLANG_WARN_EMPTY_BODY = YES;
				CLANG_WARN_ENUM_CONVERSION = YES;
				CLANG_WARN_INFINITE_RECURSION = YES;
				CLANG_WARN_INT_CONVERSION = YES;
				CLANG_WARN_NON_LITERAL_NULL_CONVERSION = YES;
				CLANG_WARN_OBJC_IMPLICIT_RETAIN_SELF = YES;
				CLANG_WARN_OBJC_LITERAL_CONVERSION = YES;
				CLANG_WARN_OBJC_ROOT_CLASS = YES_ERROR;
				CLANG_WARN_QUOTED_INCLUDE_IN_FRAMEWORK_HEADER = YES;
				CLANG_WARN_RANGE_LOOP_ANALYSIS = YES;
				CLANG_WARN_STRICT_PROTOTYPES = YES;
				CLANG_WARN_SUSPICIOUS_MOVE = YES;
				CLANG_WARN_UNGUARDED_AVAILABILITY = YES_AGGRESSIVE;
				CLANG_WARN_UNREACHABLE_CODE = YES;
				CLANG_WARN__DUPLICATE_METHOD_MATCH = YES;
				COPY_PHASE_STRIP = NO;
				DEBUG_INFORMATION_FORMAT = "dwarf-with-dsym";
				ENABLE_NS_ASSERTIONS = NO;
				ENABLE_STRICT_OBJC_MSGSEND = YES;
				GCC_C_LANGUAGE_STANDARD = gnu11;
				GCC_NO_COMMON_BLOCKS = YES;
				GCC_WARN_64_TO_32_BIT_CONVERSION = YES;
				GCC_WARN_ABOUT_RETURN_TYPE = YES_ERROR;
				GCC_WARN_UNDECLARED_SELECTOR = YES;
				GCC_WARN_UNINITIALIZED_AUTOS = YES_AGGRESSIVE;
				GCC_WARN_UNUSED_FUNCTION = YES;
				GCC_WARN_UNUSED_VARIABLE = YES;
				IPHONEOS_DEPLOYMENT_TARGET = 15.0;
				MTL_ENABLE_DEBUG_INFO = NO;
				MTL_FAST_MATH = YES;
				SDKROOT = iphoneos;
				SWIFT_COMPILATION_MODE = wholemodule;
				SWIFT_OPTIMIZATION_LEVEL = "-O";
				VALIDATE_PRODUCT = YES;
			};
			name = Release;
		};
		2C9119F427208285000E10AE /* Debug */ = {
			isa = XCBuildConfiguration;
			buildSettings = {
				ASSETCATALOG_COMPILER_APPICON_NAME = AppIcon;
				ASSETCATALOG_COMPILER_GLOBAL_ACCENT_COLOR_NAME = AccentColor;
				CODE_SIGN_STYLE = Automatic;
				CURRENT_PROJECT_VERSION = 1;
				DEVELOPMENT_ASSET_PATHS = "\"GameStream/Preview Content\"";
				DEVELOPMENT_TEAM = 56KGG87K27;
				ENABLE_PREVIEWS = YES;
				GENERATE_INFOPLIST_FILE = YES;
				INFOPLIST_KEY_NSCameraUsageDescription = "Se utiliza la cámara para tomar foto de perfil";
				INFOPLIST_KEY_UIApplicationSceneManifest_Generation = YES;
				INFOPLIST_KEY_UIApplicationSupportsIndirectInputEvents = YES;
				INFOPLIST_KEY_UILaunchScreen_Generation = YES;
				INFOPLIST_KEY_UISupportedInterfaceOrientations_iPad = "UIInterfaceOrientationPortrait UIInterfaceOrientationPortraitUpsideDown UIInterfaceOrientationLandscapeLeft UIInterfaceOrientationLandscapeRight";
				INFOPLIST_KEY_UISupportedInterfaceOrientations_iPhone = "UIInterfaceOrientationPortrait UIInterfaceOrientationLandscapeLeft UIInterfaceOrientationLandscapeRight";
				IPHONEOS_DEPLOYMENT_TARGET = 14.0;
				LD_RUNPATH_SEARCH_PATHS = (
					"$(inherited)",
					"@executable_path/Frameworks",
				);
				MARKETING_VERSION = 1.0;
				PRODUCT_BUNDLE_IDENTIFIER = com.artelligence.GameStream;
				PRODUCT_NAME = "$(TARGET_NAME)";
				SWIFT_EMIT_LOC_STRINGS = YES;
				SWIFT_VERSION = 5.0;
				TARGETED_DEVICE_FAMILY = "1,2";
			};
			name = Debug;
		};
		2C9119F527208285000E10AE /* Release */ = {
			isa = XCBuildConfiguration;
			buildSettings = {
				ASSETCATALOG_COMPILER_APPICON_NAME = AppIcon;
				ASSETCATALOG_COMPILER_GLOBAL_ACCENT_COLOR_NAME = AccentColor;
				CODE_SIGN_STYLE = Automatic;
				CURRENT_PROJECT_VERSION = 1;
				DEVELOPMENT_ASSET_PATHS = "\"GameStream/Preview Content\"";
				DEVELOPMENT_TEAM = 56KGG87K27;
				ENABLE_PREVIEWS = YES;
				GENERATE_INFOPLIST_FILE = YES;
				INFOPLIST_KEY_NSCameraUsageDescription = "Se utiliza la cámara para tomar foto de perfil";
				INFOPLIST_KEY_UIApplicationSceneManifest_Generation = YES;
				INFOPLIST_KEY_UIApplicationSupportsIndirectInputEvents = YES;
				INFOPLIST_KEY_UILaunchScreen_Generation = YES;
				INFOPLIST_KEY_UISupportedInterfaceOrientations_iPad = "UIInterfaceOrientationPortrait UIInterfaceOrientationPortraitUpsideDown UIInterfaceOrientationLandscapeLeft UIInterfaceOrientationLandscapeRight";
				INFOPLIST_KEY_UISupportedInterfaceOrientations_iPhone = "UIInterfaceOrientationPortrait UIInterfaceOrientationLandscapeLeft UIInterfaceOrientationLandscapeRight";
				IPHONEOS_DEPLOYMENT_TARGET = 14.0;
				LD_RUNPATH_SEARCH_PATHS = (
					"$(inherited)",
					"@executable_path/Frameworks",
				);
				MARKETING_VERSION = 1.0;
				PRODUCT_BUNDLE_IDENTIFIER = com.artelligence.GameStream;
				PRODUCT_NAME = "$(TARGET_NAME)";
				SWIFT_EMIT_LOC_STRINGS = YES;
				SWIFT_VERSION = 5.0;
				TARGETED_DEVICE_FAMILY = "1,2";
			};
			name = Release;
		};
/* End XCBuildConfiguration section */

/* Begin XCConfigurationList section */
		2C9119E027208280000E10AE /* Build configuration list for PBXProject "GameStream" */ = {
			isa = XCConfigurationList;
			buildConfigurations = (
				2C9119F127208285000E10AE /* Debug */,
				2C9119F227208285000E10AE /* Release */,
			);
			defaultConfigurationIsVisible = 0;
			defaultConfigurationName = Release;
		};
		2C9119F327208285000E10AE /* Build configuration list for PBXNativeTarget "GameStream" */ = {
			isa = XCConfigurationList;
			buildConfigurations = (
				2C9119F427208285000E10AE /* Debug */,
				2C9119F527208285000E10AE /* Release */,
			);
			defaultConfigurationIsVisible = 0;
			defaultConfigurationName = Release;
		};
/* End XCConfigurationList section */

/* Begin XCRemoteSwiftPackageReference section */
		2C9D527227396C3900C9C087 /* XCRemoteSwiftPackageReference "Kingfisher" */ = {
			isa = XCRemoteSwiftPackageReference;
			repositoryURL = "https://github.com/onevcat/Kingfisher";
			requirement = {
				kind = upToNextMajorVersion;
				minimumVersion = 7.0.0;
			};
		};
/* End XCRemoteSwiftPackageReference section */

/* Begin XCSwiftPackageProductDependency section */
		2C9D527327396C3A00C9C087 /* Kingfisher */ = {
			isa = XCSwiftPackageProductDependency;
			package = 2C9D527227396C3900C9C087 /* XCRemoteSwiftPackageReference "Kingfisher" */;
			productName = Kingfisher;
		};
/* End XCSwiftPackageProductDependency section */
	};
	rootObject = 2C9119DD27208280000E10AE /* Project object */;
}
